
Microsoft Visual Studio Solution File, Format Version 12.00
# Visual Studio Version 16
VisualStudioVersion = 16.0.32106.194
MinimumVisualStudioVersion = 10.0.40219.1
Project("{FAE04EC0-301F-11D3-BF4B-00C04F79EFBC}") = "ProjDAW", "ProjDAW\ProjDAW.csproj", "{ECBBA1B4-5DB1-4288-8FF8-82EC9F24C4FB}"
EndProject
Global
	GlobalSection(SolutionConfigurationPlatforms) = preSolution
		Debug|Any CPU = Debug|Any CPU
		Release|Any CPU = Release|Any CPU
	EndGlobalSection
	GlobalSection(ProjectConfigurationPlatforms) = postSolution
		{ECBBA1B4-5DB1-4288-8FF8-82EC9F24C4FB}.Debug|Any CPU.ActiveCfg = Debug|Any CPU
		{ECBBA1B4-5DB1-4288-8FF8-82EC9F24C4FB}.Debug|Any CPU.Build.0 = Debug|Any CPU
		{ECBBA1B4-5DB1-4288-8FF8-82EC9F24C4FB}.Release|Any CPU.ActiveCfg = Release|Any CPU
		{ECBBA1B4-5DB1-4288-8FF8-82EC9F24C4FB}.Release|Any CPU.Build.0 = Release|Any CPU
	EndGlobalSection
	GlobalSection(SolutionProperties) = preSolution
		HideSolutionNode = FALSE
	EndGlobalSection
	GlobalSection(ExtensibilityGlobals) = postSolution
		SolutionGuid = {E56DA9F6-30AA-488F-802B-593B36F0C0ED}
	EndGlobalSection
EndGlobal
